
Microsoft Visual Studio Solution File, Format Version 12.00
# Visual Studio Version 17
VisualStudioVersion = 17.1.32421.90
MinimumVisualStudioVersion = 10.0.40219.1
Project("{9A19103F-16F7-4668-BE54-9A1E7A4F7556}") = "ProofOfConceptAnses", "ProofOfConceptAnses.csproj", "{B31DC9EA-CF23-46DB-B67A-D399DC4D1614}"
EndProject
Global
	GlobalSection(SolutionConfigurationPlatforms) = preSolution
		Debug|Any CPU = Debug|Any CPU
		Release|Any CPU = Release|Any CPU
	EndGlobalSection
	GlobalSection(ProjectConfigurationPlatforms) = postSolution
		{B31DC9EA-CF23-46DB-B67A-D399DC4D1614}.Debug|Any CPU.ActiveCfg = Debug|Any CPU
		{B31DC9EA-CF23-46DB-B67A-D399DC4D1614}.Debug|Any CPU.Build.0 = Debug|Any CPU
		{B31DC9EA-CF23-46DB-B67A-D399DC4D1614}.Release|Any CPU.ActiveCfg = Release|Any CPU
		{B31DC9EA-CF23-46DB-B67A-D399DC4D1614}.Release|Any CPU.Build.0 = Release|Any CPU
	EndGlobalSection
	GlobalSection(SolutionProperties) = preSolution
		HideSolutionNode = FALSE
	EndGlobalSection
	GlobalSection(ExtensibilityGlobals) = postSolution
		SolutionGuid = {DADD6346-230B-4430-82EA-0AB4CA46D189}
	EndGlobalSection
EndGlobal
